
Microsoft Visual Studio Solution File, Format Version 12.00
# Visual Studio Version 17
VisualStudioVersion = 17.7.34003.232
MinimumVisualStudioVersion = 10.0.40219.1
Project("{9A19103F-16F7-4668-BE54-9A1E7A4F7556}") = "01_EntityLayer", "01_EntityLayer\01_EntityLayer.csproj", "{814F1D61-ECEB-406F-A7EE-D473635DB024}"
EndProject
Project("{9A19103F-16F7-4668-BE54-9A1E7A4F7556}") = "02_DataAccess", "02_DataAccess\02_DataAccess.csproj", "{D35C0811-2E53-4DB2-8243-C8F75C6CA74D}"
EndProject
Project("{9A19103F-16F7-4668-BE54-9A1E7A4F7556}") = "Namari", "Namari\Namari.csproj", "{635D727A-27EF-4DA7-A79B-D284C740D99E}"
EndProject
Global
	GlobalSection(SolutionConfigurationPlatforms) = preSolution
		Debug|Any CPU = Debug|Any CPU
		Release|Any CPU = Release|Any CPU
	EndGlobalSection
	GlobalSection(ProjectConfigurationPlatforms) = postSolution
		{814F1D61-ECEB-406F-A7EE-D473635DB024}.Debug|Any CPU.ActiveCfg = Debug|Any CPU
		{814F1D61-ECEB-406F-A7EE-D473635DB024}.Debug|Any CPU.Build.0 = Debug|Any CPU
		{814F1D61-ECEB-406F-A7EE-D473635DB024}.Release|Any CPU.ActiveCfg = Release|Any CPU
		{814F1D61-ECEB-406F-A7EE-D473635DB024}.Release|Any CPU.Build.0 = Release|Any CPU
		{D35C0811-2E53-4DB2-8243-C8F75C6CA74D}.Debug|Any CPU.ActiveCfg = Debug|Any CPU
		{D35C0811-2E53-4DB2-8243-C8F75C6CA74D}.Debug|Any CPU.Build.0 = Debug|Any CPU
		{D35C0811-2E53-4DB2-8243-C8F75C6CA74D}.Release|Any CPU.ActiveCfg = Release|Any CPU
		{D35C0811-2E53-4DB2-8243-C8F75C6CA74D}.Release|Any CPU.Build.0 = Release|Any CPU
		{635D727A-27EF-4DA7-A79B-D284C740D99E}.Debug|Any CPU.ActiveCfg = Debug|Any CPU
		{635D727A-27EF-4DA7-A79B-D284C740D99E}.Debug|Any CPU.Build.0 = Debug|Any CPU
		{635D727A-27EF-4DA7-A79B-D284C740D99E}.Release|Any CPU.ActiveCfg = Release|Any CPU
		{635D727A-27EF-4DA7-A79B-D284C740D99E}.Release|Any CPU.Build.0 = Release|Any CPU
	EndGlobalSection
	GlobalSection(SolutionProperties) = preSolution
		HideSolutionNode = FALSE
	EndGlobalSection
	GlobalSection(ExtensibilityGlobals) = postSolution
		SolutionGuid = {8D81602A-47A8-4C2A-A9E7-0CCCEE2101E7}
	EndGlobalSection
EndGlobal
